
Microsoft Visual Studio Solution File, Format Version 12.00
Project("{FAE04EC0-301F-11D3-BF4B-00C04F79EFBC}") = "Amatsucozy.Couple.Calendar.App", "Amatsucozy.Couple.Calendar.App\Amatsucozy.Couple.Calendar.App.csproj", "{9FA60299-0C81-42E9-9432-793394E0DCE2}"
EndProject
Global
	GlobalSection(SolutionConfigurationPlatforms) = preSolution
		Debug|Any CPU = Debug|Any CPU
		Release|Any CPU = Release|Any CPU
	EndGlobalSection
	GlobalSection(ProjectConfigurationPlatforms) = postSolution
		{9FA60299-0C81-42E9-9432-793394E0DCE2}.Debug|Any CPU.ActiveCfg = Debug|Any CPU
		{9FA60299-0C81-42E9-9432-793394E0DCE2}.Debug|Any CPU.Build.0 = Debug|Any CPU
		{9FA60299-0C81-42E9-9432-793394E0DCE2}.Release|Any CPU.ActiveCfg = Release|Any CPU
		{9FA60299-0C81-42E9-9432-793394E0DCE2}.Release|Any CPU.Build.0 = Release|Any CPU
	EndGlobalSection
EndGlobal
